dependencies:
- name: victoria-metrics-common
  repository: https://victoriametrics.github.io/helm-charts
  version: 0.0.14
- name: victoria-metrics-k8s-stack
  repository: https://victoriametrics.github.io/helm-charts
  version: 0.27.2
digest: sha256:c88f06e313705066a617c7aaebcfcad821c6e47fea7f78e48a06986b12f92540
generated: "2024-10-10T14:07:28.373905+03:00"
